
Microsoft Visual Studio Solution File, Format Version 12.00
# Visual Studio Version 16
VisualStudioVersion = 16.0.31005.135
MinimumVisualStudioVersion = 10.0.40219.1
Project("{FAE04EC0-301F-11D3-BF4B-00C04F79EFBC}") = "AzureAdAuthentication", "AzureAdAuthentication\AzureAdAuthentication.csproj", "{7E89CF92-C6C5-42FF-841B-0993DF4E0CB0}"
EndProject
Global
	GlobalSection(SolutionConfigurationPlatforms) = preSolution
		Debug|Any CPU = Debug|Any CPU
		Release|Any CPU = Release|Any CPU
	EndGlobalSection
	GlobalSection(ProjectConfigurationPlatforms) = postSolution
		{7E89CF92-C6C5-42FF-841B-0993DF4E0CB0}.Debug|Any CPU.ActiveCfg = Debug|Any CPU
		{7E89CF92-C6C5-42FF-841B-0993DF4E0CB0}.Debug|Any CPU.Build.0 = Debug|Any CPU
		{7E89CF92-C6C5-42FF-841B-0993DF4E0CB0}.Release|Any CPU.ActiveCfg = Release|Any CPU
		{7E89CF92-C6C5-42FF-841B-0993DF4E0CB0}.Release|Any CPU.Build.0 = Release|Any CPU
	EndGlobalSection
	GlobalSection(SolutionProperties) = preSolution
		HideSolutionNode = FALSE
	EndGlobalSection
	GlobalSection(ExtensibilityGlobals) = postSolution
		SolutionGuid = {4CC37990-E868-4E78-A089-BF019787A3BC}
	EndGlobalSection
EndGlobal
